
Microsoft Visual Studio Solution File, Format Version 12.00
# Visual Studio 14
VisualStudioVersion = 14.0.25123.0
MinimumVisualStudioVersion = 10.0.40219.1
Project("{FAE04EC0-301F-11D3-BF4B-00C04F79EFBC}") = "SolutionAGL", "SolutionAGL\SolutionAGL.csproj", "{068463C6-AD58-4332-B265-DDF1783F6E77}"
EndProject
Project("{FAE04EC0-301F-11D3-BF4B-00C04F79EFBC}") = "SolutionAGL.Tests", "SolutionAGL.Tests\SolutionAGL.Tests.csproj", "{374D8A8F-0C9B-4CC6-92CE-6F9F0DDCA86B}"
EndProject
Global
	GlobalSection(SolutionConfigurationPlatforms) = preSolution
		Debug|Any CPU = Debug|Any CPU
		Release|Any CPU = Release|Any CPU
	EndGlobalSection
	GlobalSection(ProjectConfigurationPlatforms) = postSolution
		{068463C6-AD58-4332-B265-DDF1783F6E77}.Debug|Any CPU.ActiveCfg = Debug|Any CPU
		{068463C6-AD58-4332-B265-DDF1783F6E77}.Debug|Any CPU.Build.0 = Debug|Any CPU
		{068463C6-AD58-4332-B265-DDF1783F6E77}.Release|Any CPU.ActiveCfg = Release|Any CPU
		{068463C6-AD58-4332-B265-DDF1783F6E77}.Release|Any CPU.Build.0 = Release|Any CPU
		{374D8A8F-0C9B-4CC6-92CE-6F9F0DDCA86B}.Debug|Any CPU.ActiveCfg = Debug|Any CPU
		{374D8A8F-0C9B-4CC6-92CE-6F9F0DDCA86B}.Debug|Any CPU.Build.0 = Debug|Any CPU
		{374D8A8F-0C9B-4CC6-92CE-6F9F0DDCA86B}.Release|Any CPU.ActiveCfg = Release|Any CPU
		{374D8A8F-0C9B-4CC6-92CE-6F9F0DDCA86B}.Release|Any CPU.Build.0 = Release|Any CPU
	EndGlobalSection
	GlobalSection(SolutionProperties) = preSolution
		HideSolutionNode = FALSE
	EndGlobalSection
EndGlobal
